Microsoft Visual Studio Solution File, Format Version 12.00
# Visual Studio Version 17
VisualStudioVersion = 17.3.32922.545
MinimumVisualStudioVersion = 10.0.40219.1
Project("{2150E333-8FDC-42A3-9474-1A3956D46DE8}") = "1.Model", "1.Model", "{C219CE63-4B95-4995-BC2A-04EC83E57003}"
EndProject
Project("{2150E333-8FDC-42A3-9474-1A3956D46DE8}") = "2.Presentation", "2.Presentation", "{AFA7E568-01DD-4FB9-A46E-FB0E7546B4EE}"
EndProject
Project("{2150E333-8FDC-42A3-9474-1A3956D46DE8}") = "3.Repository", "3.Repository", "{BABC7CD2-968A-4A9E-8523-445D5DFB7435}"
EndProject
Project("{2150E333-8FDC-42A3-9474-1A3956D46DE8}") = "4.Service", "4.Service", "{A36A0CAC-263B-4D77-B029-C7CDAACAE2D4}"
EndProject
Project("{2150E333-8FDC-42A3-9474-1A3956D46DE8}") = "5.DacsOnlineWebParts", "5.DacsOnlineWebParts", "{517BEB9C-628C-444F-88EC-4C77D3519C09}"
EndProject
Project("{2150E333-8FDC-42A3-9474-1A3956D46DE8}") = "6.Reference Dependencies", "6.Reference Dependencies", "{EF540144-8FBA-4D0F-AE8E-C6187E401178}"
	ProjectSection(SolutionItems) = preProject
		..\Reference Dependencies\AjaxControlToolkit.dll = ..\Reference Dependencies\AjaxControlToolkit.dll
		..\Reference Dependencies\AjaxMin.dll = ..\Reference Dependencies\AjaxMin.dll
		..\Reference Dependencies\AutoMapper.dll = ..\Reference Dependencies\AutoMapper.dll
		..\Reference Dependencies\AutoMapper.xml = ..\Reference Dependencies\AutoMapper.xml
		..\Reference Dependencies\AWSSDK.dll = ..\Reference Dependencies\AWSSDK.dll
		..\Reference Dependencies\CMS.AmazonStorage.dll = ..\Reference Dependencies\CMS.AmazonStorage.dll
		..\Reference Dependencies\CMS.Blogs.dll = ..\Reference Dependencies\CMS.Blogs.dll
		..\Reference Dependencies\CMS.Blogs.xml = ..\Reference Dependencies\CMS.Blogs.xml
		..\Reference Dependencies\CMS.CKEditor.dll = ..\Reference Dependencies\CMS.CKEditor.dll
		..\Reference Dependencies\CMS.CMSHelper.dll = ..\Reference Dependencies\CMS.CMSHelper.dll
		..\Reference Dependencies\CMS.CMSHelper.xml = ..\Reference Dependencies\CMS.CMSHelper.xml
		..\Reference Dependencies\CMS.CMSSiteMapProvider.dll = ..\Reference Dependencies\CMS.CMSSiteMapProvider.dll
		..\Reference Dependencies\CMS.CMSSiteMapProvider.xml = ..\Reference Dependencies\CMS.CMSSiteMapProvider.xml
		..\Reference Dependencies\CMS.CMSStorage.dll = ..\Reference Dependencies\CMS.CMSStorage.dll
		..\Reference Dependencies\CMS.Community.dll = ..\Reference Dependencies\CMS.Community.dll
		..\Reference Dependencies\CMS.Community.xml = ..\Reference Dependencies\CMS.Community.xml
		..\Reference Dependencies\CMS.Controls.dll = ..\Reference Dependencies\CMS.Controls.dll
		..\Reference Dependencies\CMS.Controls.xml = ..\Reference Dependencies\CMS.Controls.xml
		..\Reference Dependencies\CMS.Controls.XmlSerializers.dll = ..\Reference Dependencies\CMS.Controls.XmlSerializers.dll
		..\Reference Dependencies\CMS.DatabaseHelper.dll = ..\Reference Dependencies\CMS.DatabaseHelper.dll
		..\Reference Dependencies\CMS.DataEngine.dll = ..\Reference Dependencies\CMS.DataEngine.dll
		..\Reference Dependencies\CMS.DataEngine.xml = ..\Reference Dependencies\CMS.DataEngine.xml
		..\Reference Dependencies\CMS.DataProviderSQL.dll = ..\Reference Dependencies\CMS.DataProviderSQL.dll
		..\Reference Dependencies\CMS.DataProviderSQL.xml = ..\Reference Dependencies\CMS.DataProviderSQL.xml
		..\Reference Dependencies\CMS.Ecommerce.dll = ..\Reference Dependencies\CMS.Ecommerce.dll
		..\Reference Dependencies\CMS.Ecommerce.xml = ..\Reference Dependencies\CMS.Ecommerce.xml
		..\Reference Dependencies\CMS.EcommerceProvider.dll = ..\Reference Dependencies\CMS.EcommerceProvider.dll
		..\Reference Dependencies\CMS.EcommerceProvider.xml = ..\Reference Dependencies\CMS.EcommerceProvider.xml
		..\Reference Dependencies\CMS.EmailEngine.dll = ..\Reference Dependencies\CMS.EmailEngine.dll
		..\Reference Dependencies\CMS.EmailEngine.xml = ..\Reference Dependencies\CMS.EmailEngine.xml
		..\Reference Dependencies\CMS.EventLog.dll = ..\Reference Dependencies\CMS.EventLog.dll
		..\Reference Dependencies\CMS.EventLog.xml = ..\Reference Dependencies\CMS.EventLog.xml
		..\Reference Dependencies\CMS.EventManager.dll = ..\Reference Dependencies\CMS.EventManager.dll
		..\Reference Dependencies\CMS.EventManager.xml = ..\Reference Dependencies\CMS.EventManager.xml
		..\Reference Dependencies\CMS.ExtendedControls.dll = ..\Reference Dependencies\CMS.ExtendedControls.dll
		..\Reference Dependencies\CMS.ExtendedControls.xml = ..\Reference Dependencies\CMS.ExtendedControls.xml
		..\Reference Dependencies\CMS.FormControls.dll = ..\Reference Dependencies\CMS.FormControls.dll
		..\Reference Dependencies\CMS.FormEngine.dll = ..\Reference Dependencies\CMS.FormEngine.dll
		..\Reference Dependencies\CMS.FormEngine.xml = ..\Reference Dependencies\CMS.FormEngine.xml
		..\Reference Dependencies\CMS.Forums.dll = ..\Reference Dependencies\CMS.Forums.dll
		..\Reference Dependencies\CMS.Forums.xml = ..\Reference Dependencies\CMS.Forums.xml
		..\Reference Dependencies\CMS.GlobalEventHelper.dll = ..\Reference Dependencies\CMS.GlobalEventHelper.dll
		..\Reference Dependencies\CMS.GlobalEventHelper.xml = ..\Reference Dependencies\CMS.GlobalEventHelper.xml
		..\Reference Dependencies\CMS.GlobalHelper.dll = ..\Reference Dependencies\CMS.GlobalHelper.dll
		..\Reference Dependencies\CMS.GlobalHelper.xml = ..\Reference Dependencies\CMS.GlobalHelper.xml
		..\Reference Dependencies\CMS.ImportExport.dll = ..\Reference Dependencies\CMS.ImportExport.dll
		..\Reference Dependencies\CMS.ImportExport.xml = ..\Reference Dependencies\CMS.ImportExport.xml
		..\Reference Dependencies\CMS.IO.dll = ..\Reference Dependencies\CMS.IO.dll
		..\Reference Dependencies\CMS.ISearchEngine.dll = ..\Reference Dependencies\CMS.ISearchEngine.dll
		..\Reference Dependencies\CMS.ISearchEngine.xml = ..\Reference Dependencies\CMS.ISearchEngine.xml
		..\Reference Dependencies\CMS.LicenseProvider.dll = ..\Reference Dependencies\CMS.LicenseProvider.dll
		..\Reference Dependencies\CMS.LicenseProvider.XmlSerializers.dll = ..\Reference Dependencies\CMS.LicenseProvider.XmlSerializers.dll
		..\Reference Dependencies\CMS.MediaLibrary.dll = ..\Reference Dependencies\CMS.MediaLibrary.dll
		..\Reference Dependencies\CMS.MediaLibrary.xml = ..\Reference Dependencies\CMS.MediaLibrary.xml
		..\Reference Dependencies\CMS.MembershipProvider.dll = ..\Reference Dependencies\CMS.MembershipProvider.dll
		..\Reference Dependencies\CMS.MembershipProvider.xml = ..\Reference Dependencies\CMS.MembershipProvider.xml
		..\Reference Dependencies\CMS.MessageBoard.dll = ..\Reference Dependencies\CMS.MessageBoard.dll
		..\Reference Dependencies\CMS.MessageBoard.xml = ..\Reference Dependencies\CMS.MessageBoard.xml
		..\Reference Dependencies\CMS.Messaging.dll = ..\Reference Dependencies\CMS.Messaging.dll
		..\Reference Dependencies\CMS.Messaging.xml = ..\Reference Dependencies\CMS.Messaging.xml
		..\Reference Dependencies\CMS.MetaWeblogProvider.dll = ..\Reference Dependencies\CMS.MetaWeblogProvider.dll
		..\Reference Dependencies\CMS.Newsletter.dll = ..\Reference Dependencies\CMS.Newsletter.dll
		..\Reference Dependencies\CMS.Newsletter.xml = ..\Reference Dependencies\CMS.Newsletter.xml
		..\Reference Dependencies\CMS.Notifications.dll = ..\Reference Dependencies\CMS.Notifications.dll
		..\Reference Dependencies\CMS.Notifications.xml = ..\Reference Dependencies\CMS.Notifications.xml
		..\Reference Dependencies\CMS.OnlineMarketing.dll = ..\Reference Dependencies\CMS.OnlineMarketing.dll
		..\Reference Dependencies\CMS.OnlineMarketing.xml = ..\Reference Dependencies\CMS.OnlineMarketing.xml
		..\Reference Dependencies\CMS.OutputFilter.dll = ..\Reference Dependencies\CMS.OutputFilter.dll
		..\Reference Dependencies\CMS.OutputFilter.xml = ..\Reference Dependencies\CMS.OutputFilter.xml
		..\Reference Dependencies\CMS.Polls.dll = ..\Reference Dependencies\CMS.Polls.dll
		..\Reference Dependencies\CMS.Polls.xml = ..\Reference Dependencies\CMS.Polls.xml
		..\Reference Dependencies\CMS.PortalControls.dll = ..\Reference Dependencies\CMS.PortalControls.dll
		..\Reference Dependencies\CMS.PortalControls.xml = ..\Reference Dependencies\CMS.PortalControls.xml
		..\Reference Dependencies\CMS.PortalEngine.dll = ..\Reference Dependencies\CMS.PortalEngine.dll
		..\Reference Dependencies\CMS.PortalEngine.xml = ..\Reference Dependencies\CMS.PortalEngine.xml
		..\Reference Dependencies\CMS.ProjectManagement.dll = ..\Reference Dependencies\CMS.ProjectManagement.dll
		..\Reference Dependencies\CMS.ProjectManagement.xml = ..\Reference Dependencies\CMS.ProjectManagement.xml
		..\Reference Dependencies\CMS.Reporting.dll = ..\Reference Dependencies\CMS.Reporting.dll
		..\Reference Dependencies\CMS.Reporting.xml = ..\Reference Dependencies\CMS.Reporting.xml
		..\Reference Dependencies\CMS.ResourceManager.dll = ..\Reference Dependencies\CMS.ResourceManager.dll
		..\Reference Dependencies\CMS.ResourceManager.xml = ..\Reference Dependencies\CMS.ResourceManager.xml
		..\Reference Dependencies\CMS.RESTService.dll = ..\Reference Dependencies\CMS.RESTService.dll
		..\Reference Dependencies\CMS.RESTService.xml = ..\Reference Dependencies\CMS.RESTService.xml
		..\Reference Dependencies\CMS.Scheduler.dll = ..\Reference Dependencies\CMS.Scheduler.dll
		..\Reference Dependencies\CMS.Scheduler.xml = ..\Reference Dependencies\CMS.Scheduler.xml
		..\Reference Dependencies\CMS.SearchProviderSQL.dll = ..\Reference Dependencies\CMS.SearchProviderSQL.dll
		..\Reference Dependencies\CMS.SearchProviderSQL.xml = ..\Reference Dependencies\CMS.SearchProviderSQL.xml
		..\Reference Dependencies\CMS.SettingsProvider.dll = ..\Reference Dependencies\CMS.SettingsProvider.dll
		..\Reference Dependencies\CMS.SettingsProvider.xml = ..\Reference Dependencies\CMS.SettingsProvider.xml
		..\Reference Dependencies\CMS.SiteProvider.dll = ..\Reference Dependencies\CMS.SiteProvider.dll
		..\Reference Dependencies\CMS.SiteProvider.xml = ..\Reference Dependencies\CMS.SiteProvider.xml
		..\Reference Dependencies\CMS.skmMenuControl.dll = ..\Reference Dependencies\CMS.skmMenuControl.dll
		..\Reference Dependencies\CMS.skmMenuControl.xml = ..\Reference Dependencies\CMS.skmMenuControl.xml
		..\Reference Dependencies\CMS.Synchronization.dll = ..\Reference Dependencies\CMS.Synchronization.dll
		..\Reference Dependencies\CMS.Synchronization.xml = ..\Reference Dependencies\CMS.Synchronization.xml
		..\Reference Dependencies\CMS.SynchronizationEngine.dll = ..\Reference Dependencies\CMS.SynchronizationEngine.dll
		..\Reference Dependencies\CMS.SynchronizationEngine.xml = ..\Reference Dependencies\CMS.SynchronizationEngine.xml
		..\Reference Dependencies\CMS.TreeEngine.dll = ..\Reference Dependencies\CMS.TreeEngine.dll
		..\Reference Dependencies\CMS.TreeEngine.xml = ..\Reference Dependencies\CMS.TreeEngine.xml
		..\Reference Dependencies\CMS.UIControls.dll = ..\Reference Dependencies\CMS.UIControls.dll
		..\Reference Dependencies\CMS.URLRewritingEngine.dll = ..\Reference Dependencies\CMS.URLRewritingEngine.dll
		..\Reference Dependencies\CMS.URLRewritingEngine.xml = ..\Reference Dependencies\CMS.URLRewritingEngine.xml
		..\Reference Dependencies\CMS.VirtualPathHelper.dll = ..\Reference Dependencies\CMS.VirtualPathHelper.dll
		..\Reference Dependencies\CMS.VirtualPathHelper.xml = ..\Reference Dependencies\CMS.VirtualPathHelper.xml
		..\Reference Dependencies\CMS.VirtualPathProvider.dll = ..\Reference Dependencies\CMS.VirtualPathProvider.dll
		..\Reference Dependencies\CMS.VirtualPathProvider.xml = ..\Reference Dependencies\CMS.VirtualPathProvider.xml
		..\Reference Dependencies\CMS.WebAnalytics.dll = ..\Reference Dependencies\CMS.WebAnalytics.dll
		..\Reference Dependencies\CMS.WebAnalytics.xml = ..\Reference Dependencies\CMS.WebAnalytics.xml
		..\Reference Dependencies\CMS.WebDAV.dll = ..\Reference Dependencies\CMS.WebDAV.dll
		..\Reference Dependencies\CMS.WebFarmSync.dll = ..\Reference Dependencies\CMS.WebFarmSync.dll
		..\Reference Dependencies\CMS.WebFarmSync.xml = ..\Reference Dependencies\CMS.WebFarmSync.xml
		..\Reference Dependencies\CMS.WebFarmSyncHelper.dll = ..\Reference Dependencies\CMS.WebFarmSyncHelper.dll
		..\Reference Dependencies\CMS.WebFarmSyncHelper.xml = ..\Reference Dependencies\CMS.WebFarmSyncHelper.xml
		..\Reference Dependencies\CMS.WinServiceEngine.dll = ..\Reference Dependencies\CMS.WinServiceEngine.dll
		..\Reference Dependencies\CMS.WorkflowEngine.dll = ..\Reference Dependencies\CMS.WorkflowEngine.dll
		..\Reference Dependencies\CMS.WorkflowEngine.xml = ..\Reference Dependencies\CMS.WorkflowEngine.xml
		..\Reference Dependencies\CMS.ZipUtilities.dll = ..\Reference Dependencies\CMS.ZipUtilities.dll
		..\Reference Dependencies\CMS.ZipUtilities.xml = ..\Reference Dependencies\CMS.ZipUtilities.xml
		..\Reference Dependencies\CookComputing.XmlRpcV2.dll = ..\Reference Dependencies\CookComputing.XmlRpcV2.dll
		..\Reference Dependencies\DocumentFormat.OpenXml.dll = ..\Reference Dependencies\DocumentFormat.OpenXml.dll
		..\Reference Dependencies\DotNetOpenAuth.dll = ..\Reference Dependencies\DotNetOpenAuth.dll
		..\Reference Dependencies\DotNetOpenAuth.dll.rename = ..\Reference Dependencies\DotNetOpenAuth.dll.rename
		..\Reference Dependencies\HealthMonitoringService.exe = ..\Reference Dependencies\HealthMonitoringService.exe
		..\Reference Dependencies\ICSharpCode.SharpZipLib.dll = ..\Reference Dependencies\ICSharpCode.SharpZipLib.dll
		..\Reference Dependencies\ITHit.WebDAV.Server.dll = ..\Reference Dependencies\ITHit.WebDAV.Server.dll
		..\Reference Dependencies\ITHit.WebDAV.Server.xml = ..\Reference Dependencies\ITHit.WebDAV.Server.xml
		..\Reference Dependencies\Lucene.Net.dll = ..\Reference Dependencies\Lucene.Net.dll
		..\Reference Dependencies\Microsoft.Practices.ServiceLocation.dll = ..\Reference Dependencies\Microsoft.Practices.ServiceLocation.dll
		..\Reference Dependencies\Microsoft.Practices.Unity.Configuration.dll = ..\Reference Dependencies\Microsoft.Practices.Unity.Configuration.dll
		..\Reference Dependencies\Microsoft.Practices.Unity.Configuration.xml = ..\Reference Dependencies\Microsoft.Practices.Unity.Configuration.xml
		..\Reference Dependencies\Microsoft.Practices.Unity.dll = ..\Reference Dependencies\Microsoft.Practices.Unity.dll
		..\Reference Dependencies\Microsoft.Practices.Unity.Interception.Configuration.dll = ..\Reference Dependencies\Microsoft.Practices.Unity.Interception.Configuration.dll
		..\Reference Dependencies\Microsoft.Practices.Unity.Interception.Configuration.xml = ..\Reference Dependencies\Microsoft.Practices.Unity.Interception.Configuration.xml
		..\Reference Dependencies\Microsoft.Practices.Unity.Interception.dll = ..\Reference Dependencies\Microsoft.Practices.Unity.Interception.dll
		..\Reference Dependencies\Microsoft.Practices.Unity.Interception.xml = ..\Reference Dependencies\Microsoft.Practices.Unity.Interception.xml
		..\Reference Dependencies\Microsoft.Practices.Unity.xml = ..\Reference Dependencies\Microsoft.Practices.Unity.xml
		..\Reference Dependencies\Microsoft.Web.Services3.dll.rename = ..\Reference Dependencies\Microsoft.Web.Services3.dll.rename
		..\Reference Dependencies\NetSpell.SpellChecker.dll = ..\Reference Dependencies\NetSpell.SpellChecker.dll
		..\Reference Dependencies\OpenPop.dll = ..\Reference Dependencies\OpenPop.dll
		..\Reference Dependencies\PerceptiveMCAPI.dll = ..\Reference Dependencies\PerceptiveMCAPI.dll
		..\Reference Dependencies\SchedulerService.exe = ..\Reference Dependencies\SchedulerService.exe
		..\Reference Dependencies\System.Web.Mvc.dll = ..\Reference Dependencies\System.Web.Mvc.dll
		..\Reference Dependencies\System.Web.Routing.dll = ..\Reference Dependencies\System.Web.Routing.dll
		..\Reference Dependencies\WebInstallerHelper.dll = ..\Reference Dependencies\WebInstallerHelper.dll
	EndProjectSection
EndProject
Project("{2150E333-8FDC-42A3-9474-1A3956D46DE8}") = "7.SQLDataAccess", "7.SQLDataAccess", "{558734D2-9B2F-48B0-AB6D-FA7ECD8AAC85}"
EndProject
Project("{2150E333-8FDC-42A3-9474-1A3956D46DE8}") = "8.WebFormsMvp", "8.WebFormsMvp", "{1C08AB38-8361-44C4-84AF-B87D7611605A}"
EndProject
Project("{2150E333-8FDC-42A3-9474-1A3956D46DE8}") = "WebFormsMvp.Unity", "WebFormsMvp.Unity", "{884F0EC2-0F41-4E92-9DAB-0C7937818EC3}"
EndProject
Project("{E24C65DC-7377-472B-9ABA-BC803B73C61A}") = "DacsOnlineLocal", ".", "{420F4FED-2F28-4BE5-8CEA-9A6B9A57558B}"
	ProjectSection(WebsiteProperties) = preProject
		SccProjectName = "SAK"
		SccAuxPath = "SAK"
		SccLocalPath = "SAK"
		SccProvider = "SAK"
		TargetFrameworkMoniker = ".NETFramework,Version%3Dv4.8"
		ProjectReferences = "{E4466E8F-5AF5-4AD7-B94B-1C5DE69C5151}|DacsOnline.Presentation.dll;{C543D33D-D2EC-4EB9-A0E9-8E6F860B0381}|DacsOnline.Service.dll;{40A16268-BAB3-40E6-AD7C-371DF4124ED0}|WebFormsMvp.dll;{EB5A9AA1-38A5-48CA-81B0-A1523D1A74A1}|WebFormsMvp.Unity.dll;{2058CF48-C180-41F8-93D0-331FA69F3F36}|DacsOnlineWebParts.dll;{B0A773CA-C794-4D63-A4ED-7D032BF5224B}|DacsOnline.Model.dll;{55EC5554-4CF0-48C1-94CC-1B26CC1CA4C0}|DacsOnline.Repository.dll;{C7859E82-6581-4DD7-B672-ADEC0E894093}|SQLDataAccess.dll;"
		Debug.AspNetCompiler.VirtualPath = "/DacsOnlineLocal"
		Debug.AspNetCompiler.PhysicalPath = "..\DacsOnlineLocal\"
		Debug.AspNetCompiler.TargetPath = "PrecompiledWeb\DacsOnlineLocal\"
		Debug.AspNetCompiler.Updateable = "true"
		Debug.AspNetCompiler.ForceOverwrite = "true"
		Debug.AspNetCompiler.FixedNames = "false"
		Debug.AspNetCompiler.Debug = "True"
		Release.AspNetCompiler.VirtualPath = "/DacsOnlineLocal"
		Release.AspNetCompiler.PhysicalPath = "..\DacsOnlineLocal\"
		Release.AspNetCompiler.TargetPath = "PrecompiledWeb\DacsOnlineLocal\"
		Release.AspNetCompiler.Updateable = "true"
		Release.AspNetCompiler.ForceOverwrite = "true"
		Release.AspNetCompiler.FixedNames = "false"
		Release.AspNetCompiler.Debug = "False"
		VWDPort = "56274"
		VWDDynamicPort = "false"
		SlnRelativePath = "..\DacsOnlineLocal\"
	EndProjectSection
EndProject
Project("{FAE04EC0-301F-11D3-BF4B-00C04F79EFBC}") = "DacsOnline.Model", "..\CognitMVP.Model\DacsOnline.Model.csproj", "{B0A773CA-C794-4D63-A4ED-7D032BF5224B}"
EndProject
Project("{FAE04EC0-301F-11D3-BF4B-00C04F79EFBC}") = "DacsOnline.Presentation", "..\CognitMVP.Presentation\DacsOnline.Presentation.csproj", "{E4466E8F-5AF5-4AD7-B94B-1C5DE69C5151}"
EndProject
Project("{FAE04EC0-301F-11D3-BF4B-00C04F79EFBC}") = "DacsOnline.Repository", "..\CognitMVP.Repository\DacsOnline.Repository.csproj", "{55EC5554-4CF0-48C1-94CC-1B26CC1CA4C0}"
EndProject
Project("{FAE04EC0-301F-11D3-BF4B-00C04F79EFBC}") = "DacsOnline.Service", "..\CognitMVP.Service\DacsOnline.Service.csproj", "{C543D33D-D2EC-4EB9-A0E9-8E6F860B0381}"
EndProject
Project("{FAE04EC0-301F-11D3-BF4B-00C04F79EFBC}") = "DacsOnlineWebParts", "..\DacsOnlineWebParts\DacsOnlineWebParts.csproj", "{2058CF48-C180-41F8-93D0-331FA69F3F36}"
EndProject
Project("{FAE04EC0-301F-11D3-BF4B-00C04F79EFBC}") = "SQLDataAccess", "..\SQLDataAccess\SQLDataAccess.csproj", "{C7859E82-6581-4DD7-B672-ADEC0E894093}"
EndProject
Project("{FAE04EC0-301F-11D3-BF4B-00C04F79EFBC}") = "WebFormsMvp", "..\WebFormsMvp\WebFormsMvp.csproj", "{40A16268-BAB3-40E6-AD7C-371DF4124ED0}"
EndProject
Project("{FAE04EC0-301F-11D3-BF4B-00C04F79EFBC}") = "WebFormsMvp.Unity", "..\WebFormsMvp.Unity\WebFormsMvp.Unity.csproj", "{EB5A9AA1-38A5-48CA-81B0-A1523D1A74A1}"
EndProject
Global
	GlobalSection(SolutionConfigurationPlatforms) = preSolution
		Debug|.NET = Debug|.NET
		Debug|Any CPU = Debug|Any CPU
		Debug|Mixed Platforms = Debug|Mixed Platforms
		Release|.NET = Release|.NET
		Release|Any CPU = Release|Any CPU
		Release|Mixed Platforms = Release|Mixed Platforms
	EndGlobalSection
	GlobalSection(ProjectConfigurationPlatforms) = postSolution
		{420F4FED-2F28-4BE5-8CEA-9A6B9A57558B}.Debug|.NET.ActiveCfg = Debug|Any CPU
		{420F4FED-2F28-4BE5-8CEA-9A6B9A57558B}.Debug|.NET.Build.0 = Debug|Any CPU
		{420F4FED-2F28-4BE5-8CEA-9A6B9A57558B}.Debug|Any CPU.ActiveCfg = Debug|Any CPU
		{420F4FED-2F28-4BE5-8CEA-9A6B9A57558B}.Debug|Any CPU.Build.0 = Debug|Any CPU
		{420F4FED-2F28-4BE5-8CEA-9A6B9A57558B}.Debug|Mixed Platforms.ActiveCfg = Debug|Any CPU
		{420F4FED-2F28-4BE5-8CEA-9A6B9A57558B}.Release|.NET.ActiveCfg = Debug|Any CPU
		{420F4FED-2F28-4BE5-8CEA-9A6B9A57558B}.Release|.NET.Build.0 = Debug|Any CPU
		{420F4FED-2F28-4BE5-8CEA-9A6B9A57558B}.Release|Any CPU.ActiveCfg = Debug|Any CPU
		{420F4FED-2F28-4BE5-8CEA-9A6B9A57558B}.Release|Any CPU.Build.0 = Debug|Any CPU
		{420F4FED-2F28-4BE5-8CEA-9A6B9A57558B}.Release|Mixed Platforms.ActiveCfg = Debug|Any CPU
		{420F4FED-2F28-4BE5-8CEA-9A6B9A57558B}.Release|Mixed Platforms.Build.0 = Debug|Any CPU
		{B0A773CA-C794-4D63-A4ED-7D032BF5224B}.Debug|.NET.ActiveCfg = Debug|Any CPU
		{B0A773CA-C794-4D63-A4ED-7D032BF5224B}.Debug|Any CPU.ActiveCfg = Debug|Any CPU
		{B0A773CA-C794-4D63-A4ED-7D032BF5224B}.Debug|Any CPU.Build.0 = Debug|Any CPU
		{B0A773CA-C794-4D63-A4ED-7D032BF5224B}.Debug|Mixed Platforms.ActiveCfg = Debug|Any CPU
		{B0A773CA-C794-4D63-A4ED-7D032BF5224B}.Debug|Mixed Platforms.Build.0 = Debug|Any CPU
		{B0A773CA-C794-4D63-A4ED-7D032BF5224B}.Release|.NET.ActiveCfg = Release|Any CPU
		{B0A773CA-C794-4D63-A4ED-7D032BF5224B}.Release|Any CPU.ActiveCfg = Release|Any CPU
		{B0A773CA-C794-4D63-A4ED-7D032BF5224B}.Release|Any CPU.Build.0 = Release|Any CPU
		{B0A773CA-C794-4D63-A4ED-7D032BF5224B}.Release|Mixed Platforms.ActiveCfg = Release|Any CPU
		{B0A773CA-C794-4D63-A4ED-7D032BF5224B}.Release|Mixed Platforms.Build.0 = Release|Any CPU
		{E4466E8F-5AF5-4AD7-B94B-1C5DE69C5151}.Debug|.NET.ActiveCfg = Debug|Any CPU
		{E4466E8F-5AF5-4AD7-B94B-1C5DE69C5151}.Debug|Any CPU.ActiveCfg = Debug|Any CPU
		{E4466E8F-5AF5-4AD7-B94B-1C5DE69C5151}.Debug|Any CPU.Build.0 = Debug|Any CPU
		{E4466E8F-5AF5-4AD7-B94B-1C5DE69C5151}.Debug|Mixed Platforms.ActiveCfg = Debug|Any CPU
		{E4466E8F-5AF5-4AD7-B94B-1C5DE69C5151}.Debug|Mixed Platforms.Build.0 = Debug|Any CPU
		{E4466E8F-5AF5-4AD7-B94B-1C5DE69C5151}.Release|.NET.ActiveCfg = Release|Any CPU
		{E4466E8F-5AF5-4AD7-B94B-1C5DE69C5151}.Release|Any CPU.ActiveCfg = Release|Any CPU
		{E4466E8F-5AF5-4AD7-B94B-1C5DE69C5151}.Release|Any CPU.Build.0 = Release|Any CPU
		{E4466E8F-5AF5-4AD7-B94B-1C5DE69C5151}.Release|Mixed Platforms.ActiveCfg = Release|Any CPU
		{E4466E8F-5AF5-4AD7-B94B-1C5DE69C5151}.Release|Mixed Platforms.Build.0 = Release|Any CPU
		{55EC5554-4CF0-48C1-94CC-1B26CC1CA4C0}.Debug|.NET.ActiveCfg = Debug|Any CPU
		{55EC5554-4CF0-48C1-94CC-1B26CC1CA4C0}.Debug|Any CPU.ActiveCfg = Debug|Any CPU
		{55EC5554-4CF0-48C1-94CC-1B26CC1CA4C0}.Debug|Any CPU.Build.0 = Debug|Any CPU
		{55EC5554-4CF0-48C1-94CC-1B26CC1CA4C0}.Debug|Mixed Platforms.ActiveCfg = Debug|Any CPU
		{55EC5554-4CF0-48C1-94CC-1B26CC1CA4C0}.Debug|Mixed Platforms.Build.0 = Debug|Any CPU
		{55EC5554-4CF0-48C1-94CC-1B26CC1CA4C0}.Release|.NET.ActiveCfg = Release|Any CPU
		{55EC5554-4CF0-48C1-94CC-1B26CC1CA4C0}.Release|Any CPU.ActiveCfg = Release|Any CPU
		{55EC5554-4CF0-48C1-94CC-1B26CC1CA4C0}.Release|Any CPU.Build.0 = Release|Any CPU
		{55EC5554-4CF0-48C1-94CC-1B26CC1CA4C0}.Release|Mixed Platforms.ActiveCfg = Release|Any CPU
		{55EC5554-4CF0-48C1-94CC-1B26CC1CA4C0}.Release|Mixed Platforms.Build.0 = Release|Any CPU
		{C543D33D-D2EC-4EB9-A0E9-8E6F860B0381}.Debug|.NET.ActiveCfg = Debug|Any CPU
		{C543D33D-D2EC-4EB9-A0E9-8E6F860B0381}.Debug|Any CPU.ActiveCfg = Debug|Any CPU
		{C543D33D-D2EC-4EB9-A0E9-8E6F860B0381}.Debug|Any CPU.Build.0 = Debug|Any CPU
		{C543D33D-D2EC-4EB9-A0E9-8E6F860B0381}.Debug|Mixed Platforms.ActiveCfg = Debug|Any CPU
		{C543D33D-D2EC-4EB9-A0E9-8E6F860B0381}.Debug|Mixed Platforms.Build.0 = Debug|Any CPU
		{C543D33D-D2EC-4EB9-A0E9-8E6F860B0381}.Release|.NET.ActiveCfg = Release|Any CPU
		{C543D33D-D2EC-4EB9-A0E9-8E6F860B0381}.Release|Any CPU.ActiveCfg = Release|Any CPU
		{C543D33D-D2EC-4EB9-A0E9-8E6F860B0381}.Release|Any CPU.Build.0 = Release|Any CPU
		{C543D33D-D2EC-4EB9-A0E9-8E6F860B0381}.Release|Mixed Platforms.ActiveCfg = Release|Any CPU
		{C543D33D-D2EC-4EB9-A0E9-8E6F860B0381}.Release|Mixed Platforms.Build.0 = Release|Any CPU
		{2058CF48-C180-41F8-93D0-331FA69F3F36}.Debug|.NET.ActiveCfg = Debug|Any CPU
		{2058CF48-C180-41F8-93D0-331FA69F3F36}.Debug|Any CPU.ActiveCfg = Debug|Any CPU
		{2058CF48-C180-41F8-93D0-331FA69F3F36}.Debug|Any CPU.Build.0 = Debug|Any CPU
		{2058CF48-C180-41F8-93D0-331FA69F3F36}.Debug|Mixed Platforms.ActiveCfg = Debug|Any CPU
		{2058CF48-C180-41F8-93D0-331FA69F3F36}.Debug|Mixed Platforms.Build.0 = Debug|Any CPU
		{2058CF48-C180-41F8-93D0-331FA69F3F36}.Release|.NET.ActiveCfg = Release|Any CPU
		{2058CF48-C180-41F8-93D0-331FA69F3F36}.Release|Any CPU.ActiveCfg = Release|Any CPU
		{2058CF48-C180-41F8-93D0-331FA69F3F36}.Release|Any CPU.Build.0 = Release|Any CPU
		{2058CF48-C180-41F8-93D0-331FA69F3F36}.Release|Mixed Platforms.ActiveCfg = Release|Any CPU
		{2058CF48-C180-41F8-93D0-331FA69F3F36}.Release|Mixed Platforms.Build.0 = Release|Any CPU
		{C7859E82-6581-4DD7-B672-ADEC0E894093}.Debug|.NET.ActiveCfg = Debug|Any CPU
		{C7859E82-6581-4DD7-B672-ADEC0E894093}.Debug|Any CPU.ActiveCfg = Debug|Any CPU
		{C7859E82-6581-4DD7-B672-ADEC0E894093}.Debug|Any CPU.Build.0 = Debug|Any CPU
		{C7859E82-6581-4DD7-B672-ADEC0E894093}.Debug|Mixed Platforms.ActiveCfg = Debug|Any CPU
		{C7859E82-6581-4DD7-B672-ADEC0E894093}.Debug|Mixed Platforms.Build.0 = Debug|Any CPU
		{C7859E82-6581-4DD7-B672-ADEC0E894093}.Release|.NET.ActiveCfg = Release|Any CPU
		{C7859E82-6581-4DD7-B672-ADEC0E894093}.Release|Any CPU.ActiveCfg = Release|Any CPU
		{C7859E82-6581-4DD7-B672-ADEC0E894093}.Release|Any CPU.Build.0 = Release|Any CPU
		{C7859E82-6581-4DD7-B672-ADEC0E894093}.Release|Mixed Platforms.ActiveCfg = Release|Any CPU
		{C7859E82-6581-4DD7-B672-ADEC0E894093}.Release|Mixed Platforms.Build.0 = Release|Any CPU
		{40A16268-BAB3-40E6-AD7C-371DF4124ED0}.Debug|.NET.ActiveCfg = Debug|Any CPU
		{40A16268-BAB3-40E6-AD7C-371DF4124ED0}.Debug|Any CPU.ActiveCfg = Debug|Any CPU
		{40A16268-BAB3-40E6-AD7C-371DF4124ED0}.Debug|Any CPU.Build.0 = Debug|Any CPU
		{40A16268-BAB3-40E6-AD7C-371DF4124ED0}.Debug|Mixed Platforms.ActiveCfg = Debug|Any CPU
		{40A16268-BAB3-40E6-AD7C-371DF4124ED0}.Debug|Mixed Platforms.Build.0 = Debug|Any CPU
		{40A16268-BAB3-40E6-AD7C-371DF4124ED0}.Release|.NET.ActiveCfg = Release|Any CPU
		{40A16268-BAB3-40E6-AD7C-371DF4124ED0}.Release|Any CPU.ActiveCfg = Release|Any CPU
		{40A16268-BAB3-40E6-AD7C-371DF4124ED0}.Release|Any CPU.Build.0 = Release|Any CPU
		{40A16268-BAB3-40E6-AD7C-371DF4124ED0}.Release|Mixed Platforms.ActiveCfg = Release|Any CPU
		{40A16268-BAB3-40E6-AD7C-371DF4124ED0}.Release|Mixed Platforms.Build.0 = Release|Any CPU
		{EB5A9AA1-38A5-48CA-81B0-A1523D1A74A1}.Debug|.NET.ActiveCfg = Debug|Any CPU
		{EB5A9AA1-38A5-48CA-81B0-A1523D1A74A1}.Debug|Any CPU.ActiveCfg = Debug|Any CPU
		{EB5A9AA1-38A5-48CA-81B0-A1523D1A74A1}.Debug|Any CPU.Build.0 = Debug|Any CPU
		{EB5A9AA1-38A5-48CA-81B0-A1523D1A74A1}.Debug|Mixed Platforms.ActiveCfg = Debug|Any CPU
		{EB5A9AA1-38A5-48CA-81B0-A1523D1A74A1}.Debug|Mixed Platforms.Build.0 = Debug|Any CPU
		{EB5A9AA1-38A5-48CA-81B0-A1523D1A74A1}.Release|.NET.ActiveCfg = Release|Any CPU
		{EB5A9AA1-38A5-48CA-81B0-A1523D1A74A1}.Release|Any CPU.ActiveCfg = Release|Any CPU
		{EB5A9AA1-38A5-48CA-81B0-A1523D1A74A1}.Release|Any CPU.Build.0 = Release|Any CPU
		{EB5A9AA1-38A5-48CA-81B0-A1523D1A74A1}.Release|Mixed Platforms.ActiveCfg = Release|Any CPU
		{EB5A9AA1-38A5-48CA-81B0-A1523D1A74A1}.Release|Mixed Platforms.Build.0 = Release|Any CPU
	EndGlobalSection
	GlobalSection(SolutionProperties) = preSolution
		HideSolutionNode = FALSE
	EndGlobalSection
	GlobalSection(NestedProjects) = preSolution
		{B0A773CA-C794-4D63-A4ED-7D032BF5224B} = {C219CE63-4B95-4995-BC2A-04EC83E57003}
		{E4466E8F-5AF5-4AD7-B94B-1C5DE69C5151} = {AFA7E568-01DD-4FB9-A46E-FB0E7546B4EE}
		{55EC5554-4CF0-48C1-94CC-1B26CC1CA4C0} = {BABC7CD2-968A-4A9E-8523-445D5DFB7435}
		{C543D33D-D2EC-4EB9-A0E9-8E6F860B0381} = {A36A0CAC-263B-4D77-B029-C7CDAACAE2D4}
		{2058CF48-C180-41F8-93D0-331FA69F3F36} = {517BEB9C-628C-444F-88EC-4C77D3519C09}
		{C7859E82-6581-4DD7-B672-ADEC0E894093} = {558734D2-9B2F-48B0-AB6D-FA7ECD8AAC85}
		{40A16268-BAB3-40E6-AD7C-371DF4124ED0} = {1C08AB38-8361-44C4-84AF-B87D7611605A}
		{EB5A9AA1-38A5-48CA-81B0-A1523D1A74A1} = {884F0EC2-0F41-4E92-9DAB-0C7937818EC3}
	EndGlobalSection
	GlobalSection(ExtensibilityGlobals) = postSolution
		SolutionGuid = {8432062E-1565-4875-B5FD-D52CD431F1EE}
	EndGlobalSection
EndGlobal
